
Microsoft Visual Studio Solution File, Format Version 12.00
# Visual Studio Version 17
VisualStudioVersion = 17.9.34728.123
MinimumVisualStudioVersion = 10.0.40219.1
Project("{9A19103F-16F7-4668-BE54-9A1E7A4F7556}") = "Battleship", "Battleship\Battleship.csproj", "{A546EDD7-A09B-4104-84B4-C2F239904EEC}"
EndProject
Global
	GlobalSection(SolutionConfigurationPlatforms) = preSolution
		Debug|Any CPU = Debug|Any CPU
		Release|Any CPU = Release|Any CPU
	EndGlobalSection
	GlobalSection(ProjectConfigurationPlatforms) = postSolution
		{A546EDD7-A09B-4104-84B4-C2F239904EEC}.Debug|Any CPU.ActiveCfg = Debug|Any CPU
		{A546EDD7-A09B-4104-84B4-C2F239904EEC}.Debug|Any CPU.Build.0 = Debug|Any CPU
		{A546EDD7-A09B-4104-84B4-C2F239904EEC}.Release|Any CPU.ActiveCfg = Release|Any CPU
		{A546EDD7-A09B-4104-84B4-C2F239904EEC}.Release|Any CPU.Build.0 = Release|Any CPU
	EndGlobalSection
	GlobalSection(SolutionProperties) = preSolution
		HideSolutionNode = FALSE
	EndGlobalSection
	GlobalSection(ExtensibilityGlobals) = postSolution
		SolutionGuid = {00189BC2-BE4A-474C-AB48-EA10459155D5}
	EndGlobalSection
EndGlobal
